// !$*UTF8*$!
{
	archiveVersion = 1;
	classes = {
	};
	objectVersion = 56;
	objects = {

/* Begin PBXBuildFile section */
		023F42F12A1F041300940065 /* EarBudsApp.swift in Sources */ = {isa = PBXBuildFile; fileRef = 023F42F02A1F041300940065 /* EarBudsApp.swift */; };
		023F42F32A1F041300940065 /* ContentView.swift in Sources */ = {isa = PBXBuildFile; fileRef = 023F42F22A1F041300940065 /* ContentView.swift */; };
		023F42F52A1F041400940065 /* Assets.xcassets in Resources */ = {isa = PBXBuildFile; fileRef = 023F42F42A1F041400940065 /* Assets.xcassets */; };
		023F42F82A1F041400940065 /* Preview Assets.xcassets in Resources */ = {isa = PBXBuildFile; fileRef = 023F42F72A1F041400940065 /* Preview Assets.xcassets */; };
		023F43002A1F04C900940065 /* ComposableArchitecture in Frameworks */ = {isa = PBXBuildFile; productRef = 023F42FF2A1F04C900940065 /* ComposableArchitecture */; };
		0289D5012A26EE2F003E9A3D /* PlaybackView.swift in Sources */ = {isa = PBXBuildFile; fileRef = 0289D5002A26EE2F003E9A3D /* PlaybackView.swift */; };
		0289D5032A26F51C003E9A3D /* GradientEffectView.swift in Sources */ = {isa = PBXBuildFile; fileRef = 0289D5022A26F51C003E9A3D /* GradientEffectView.swift */; };
		0289D5052A270983003E9A3D /* AverageColor.swift in Sources */ = {isa = PBXBuildFile; fileRef = 0289D5042A270983003E9A3D /* AverageColor.swift */; };
		0289D5072A270C49003E9A3D /* Playback.swift in Sources */ = {isa = PBXBuildFile; fileRef = 0289D5062A270C49003E9A3D /* Playback.swift */; };
		0289D5092A272349003E9A3D /* CircleImageButton.swift in Sources */ = {isa = PBXBuildFile; fileRef = 0289D5082A272349003E9A3D /* CircleImageButton.swift */; };
		02A151BC2A40217B0083401A /* MusicClient.swift in Sources */ = {isa = PBXBuildFile; fileRef = 02A151BB2A40217B0083401A /* MusicClient.swift */; };
		02A151C12A4134010083401A /* AppDelegate.swift in Sources */ = {isa = PBXBuildFile; fileRef = 02A151C02A4134010083401A /* AppDelegate.swift */; };
		02A151C42A4134C10083401A /* FirebaseAuth in Frameworks */ = {isa = PBXBuildFile; productRef = 02A151C32A4134C10083401A /* FirebaseAuth */; };
		02A151C62A4134C10083401A /* FirebaseFirestore in Frameworks */ = {isa = PBXBuildFile; productRef = 02A151C52A4134C10083401A /* FirebaseFirestore */; };
		02A151C82A4138A20083401A /* GoogleService-Info.plist in Resources */ = {isa = PBXBuildFile; fileRef = 02A151C72A4138A20083401A /* GoogleService-Info.plist */; };
		02A151CA2A41396C0083401A /* Onboarding.swift in Sources */ = {isa = PBXBuildFile; fileRef = 02A151C92A41396C0083401A /* Onboarding.swift */; };
		02BF5A7C2A36A0B9002689B8 /* DominantColors.swift in Sources */ = {isa = PBXBuildFile; fileRef = 02BF5A7B2A36A0B9002689B8 /* DominantColors.swift */; };
		02BF5A7E2A36A19F002689B8 /* CGSize+Extension.swift in Sources */ = {isa = PBXBuildFile; fileRef = 02BF5A7D2A36A19F002689B8 /* CGSize+Extension.swift */; };
		02BF5A802A36A1D9002689B8 /* UIImage+Extension.swift in Sources */ = {isa = PBXBuildFile; fileRef = 02BF5A7F2A36A1D9002689B8 /* UIImage+Extension.swift */; };
		02BF5A822A36A1F7002689B8 /* CGFloat+Extension.swift in Sources */ = {isa = PBXBuildFile; fileRef = 02BF5A812A36A1F7002689B8 /* CGFloat+Extension.swift */; };
		02BF5A842A36A2C1002689B8 /* Difference.swift in Sources */ = {isa = PBXBuildFile; fileRef = 02BF5A832A36A2C1002689B8 /* Difference.swift */; };
		02BF5A862A36A3FD002689B8 /* RGB.swift in Sources */ = {isa = PBXBuildFile; fileRef = 02BF5A852A36A3FD002689B8 /* RGB.swift */; };
		02BF5A882A36A430002689B8 /* EYZ.swift in Sources */ = {isa = PBXBuildFile; fileRef = 02BF5A872A36A430002689B8 /* EYZ.swift */; };
		02BF5A8C2A36AED0002689B8 /* OnboardingView.swift in Sources */ = {isa = PBXBuildFile; fileRef = 02BF5A8B2A36AED0002689B8 /* OnboardingView.swift */; };
		839301FD2A3BE1BD00A5CEAE /* Song.swift in Sources */ = {isa = PBXBuildFile; fileRef = 839301FC2A3BE1BD00A5CEAE /* Song.swift */; };
/* End PBXBuildFile section */

/* Begin PBXFileReference section */
		023F42ED2A1F041300940065 /* EarBuds.app */ = {isa = PBXFileReference; explicitFileType = wrapper.application; includeInIndex = 0; path = EarBuds.app; sourceTree = BUILT_PRODUCTS_DIR; };
		023F42F02A1F041300940065 /* EarBudsApp.swift */ = {isa = PBXFileReference; lastKnownFileType = sourcecode.swift; path = EarBudsApp.swift; sourceTree = "<group>"; };
		023F42F22A1F041300940065 /* ContentView.swift */ = {isa = PBXFileReference; lastKnownFileType = sourcecode.swift; path = ContentView.swift; sourceTree = "<group>"; };
		023F42F42A1F041400940065 /* Assets.xcassets */ = {isa = PBXFileReference; lastKnownFileType = folder.assetcatalog; path = Assets.xcassets; sourceTree = "<group>"; };
		023F42F72A1F041400940065 /* Preview Assets.xcassets */ = {isa = PBXFileReference; lastKnownFileType = folder.assetcatalog; path = "Preview Assets.xcassets"; sourceTree = "<group>"; };
		0289D5002A26EE2F003E9A3D /* PlaybackView.swift */ = {isa = PBXFileReference; lastKnownFileType = sourcecode.swift; path = PlaybackView.swift; sourceTree = "<group>"; };
		0289D5022A26F51C003E9A3D /* GradientEffectView.swift */ = {isa = PBXFileReference; fileEncoding = 4; lastKnownFileType = sourcecode.swift; path = GradientEffectView.swift; sourceTree = "<group>"; };
		0289D5042A270983003E9A3D /* AverageColor.swift */ = {isa = PBXFileReference; lastKnownFileType = sourcecode.swift; path = AverageColor.swift; sourceTree = "<group>"; };
		0289D5062A270C49003E9A3D /* Playback.swift */ = {isa = PBXFileReference; lastKnownFileType = sourcecode.swift; path = Playback.swift; sourceTree = "<group>"; };
		0289D5082A272349003E9A3D /* CircleImageButton.swift */ = {isa = PBXFileReference; lastKnownFileType = sourcecode.swift; path = CircleImageButton.swift; sourceTree = "<group>"; };
		02A151BB2A40217B0083401A /* MusicClient.swift */ = {isa = PBXFileReference; lastKnownFileType = sourcecode.swift; path = MusicClient.swift; sourceTree = "<group>"; };
		02A151C02A4134010083401A /* AppDelegate.swift */ = {isa = PBXFileReference; lastKnownFileType = sourcecode.swift; path = AppDelegate.swift; sourceTree = "<group>"; };
		02A151C72A4138A20083401A /* GoogleService-Info.plist */ = {isa = PBXFileReference; fileEncoding = 4; lastKnownFileType = text.plist.xml; path = "GoogleService-Info.plist"; sourceTree = "<group>"; };
		02A151C92A41396C0083401A /* Onboarding.swift */ = {isa = PBXFileReference; lastKnownFileType = sourcecode.swift; path = Onboarding.swift; sourceTree = "<group>"; };
		02BF5A7B2A36A0B9002689B8 /* DominantColors.swift */ = {isa = PBXFileReference; lastKnownFileType = sourcecode.swift; path = DominantColors.swift; sourceTree = "<group>"; };
		02BF5A7D2A36A19F002689B8 /* CGSize+Extension.swift */ = {isa = PBXFileReference; lastKnownFileType = sourcecode.swift; path = "CGSize+Extension.swift"; sourceTree = "<group>"; };
		02BF5A7F2A36A1D9002689B8 /* UIImage+Extension.swift */ = {isa = PBXFileReference; lastKnownFileType = sourcecode.swift; path = "UIImage+Extension.swift"; sourceTree = "<group>"; };
		02BF5A812A36A1F7002689B8 /* CGFloat+Extension.swift */ = {isa = PBXFileReference; lastKnownFileType = sourcecode.swift; path = "CGFloat+Extension.swift"; sourceTree = "<group>"; };
		02BF5A832A36A2C1002689B8 /* Difference.swift */ = {isa = PBXFileReference; lastKnownFileType = sourcecode.swift; path = Difference.swift; sourceTree = "<group>"; };
		02BF5A852A36A3FD002689B8 /* RGB.swift */ = {isa = PBXFileReference; lastKnownFileType = sourcecode.swift; path = RGB.swift; sourceTree = "<group>"; };
		02BF5A872A36A430002689B8 /* EYZ.swift */ = {isa = PBXFileReference; lastKnownFileType = sourcecode.swift; path = EYZ.swift; sourceTree = "<group>"; };
		02BF5A8B2A36AED0002689B8 /* OnboardingView.swift */ = {isa = PBXFileReference; lastKnownFileType = sourcecode.swift; path = OnboardingView.swift; sourceTree = "<group>"; };
		839301FC2A3BE1BD00A5CEAE /* Song.swift */ = {isa = PBXFileReference; lastKnownFileType = sourcecode.swift; path = Song.swift; sourceTree = "<group>"; };
/* End PBXFileReference section */

/* Begin PBXFrameworksBuildPhase section */
		023F42EA2A1F041300940065 /* Frameworks */ = {
			isa = PBXFrameworksBuildPhase;
			buildActionMask = 2147483647;
			files = (
				023F43002A1F04C900940065 /* ComposableArchitecture in Frameworks */,
				02A151C42A4134C10083401A /* FirebaseAuth in Frameworks */,
				02A151C62A4134C10083401A /* FirebaseFirestore in Frameworks */,
			);
			runOnlyForDeploymentPostprocessing = 0;
		};
/* End PBXFrameworksBuildPhase section */

/* Begin PBXGroup section */
		023F42E42A1F041300940065 = {
			isa = PBXGroup;
			children = (
				023F42EF2A1F041300940065 /* EarBuds */,
				023F42EE2A1F041300940065 /* Products */,
			);
			sourceTree = "<group>";
		};
		023F42EE2A1F041300940065 /* Products */ = {
			isa = PBXGroup;
			children = (
				023F42ED2A1F041300940065 /* EarBuds.app */,
			);
			name = Products;
			sourceTree = "<group>";
		};
		023F42EF2A1F041300940065 /* EarBuds */ = {
			isa = PBXGroup;
			children = (
				02A151C72A4138A20083401A /* GoogleService-Info.plist */,
				0289D5022A26F51C003E9A3D /* GradientEffectView.swift */,
				023F42F02A1F041300940065 /* EarBudsApp.swift */,
				02A151C02A4134010083401A /* AppDelegate.swift */,
				02A151BB2A40217B0083401A /* MusicClient.swift */,
				023F42F22A1F041300940065 /* ContentView.swift */,
				0289D5002A26EE2F003E9A3D /* PlaybackView.swift */,
				02BF5A8B2A36AED0002689B8 /* OnboardingView.swift */,
				02A151C92A41396C0083401A /* Onboarding.swift */,
				0289D5082A272349003E9A3D /* CircleImageButton.swift */,
				0289D5062A270C49003E9A3D /* Playback.swift */,
				839301FC2A3BE1BD00A5CEAE /* Song.swift */,
				023F42F42A1F041400940065 /* Assets.xcassets */,
				023F42F62A1F041400940065 /* Preview Content */,
				0289D5042A270983003E9A3D /* AverageColor.swift */,
				02BF5A7B2A36A0B9002689B8 /* DominantColors.swift */,
				02BF5A832A36A2C1002689B8 /* Difference.swift */,
				02BF5A872A36A430002689B8 /* EYZ.swift */,
				02BF5A852A36A3FD002689B8 /* RGB.swift */,
				02BF5A7F2A36A1D9002689B8 /* UIImage+Extension.swift */,
				02BF5A812A36A1F7002689B8 /* CGFloat+Extension.swift */,
				02BF5A7D2A36A19F002689B8 /* CGSize+Extension.swift */,
			);
			path = EarBuds;
			sourceTree = "<group>";
		};
		023F42F62A1F041400940065 /* Preview Content */ = {
			isa = PBXGroup;
			children = (
				023F42F72A1F041400940065 /* Preview Assets.xcassets */,
			);
			path = "Preview Content";
			sourceTree = "<group>";
		};
/* End PBXGroup section */

/* Begin PBXNativeTarget section */
		023F42EC2A1F041300940065 /* EarBuds */ = {
			isa = PBXNativeTarget;
			buildConfigurationList = 023F42FB2A1F041400940065 /* Build configuration list for PBXNativeTarget "EarBuds" */;
			buildPhases = (
				023F42E92A1F041300940065 /* Sources */,
				023F42EA2A1F041300940065 /* Frameworks */,
				023F42EB2A1F041300940065 /* Resources */,
			);
			buildRules = (
			);
			dependencies = (
			);
			name = EarBuds;
			packageProductDependencies = (
				023F42FF2A1F04C900940065 /* ComposableArchitecture */,
				02A151C32A4134C10083401A /* FirebaseAuth */,
				02A151C52A4134C10083401A /* FirebaseFirestore */,
			);
			productName = EarBuds;
			productReference = 023F42ED2A1F041300940065 /* EarBuds.app */;
			productType = "com.apple.product-type.application";
		};
/* End PBXNativeTarget section */

/* Begin PBXProject section */
		023F42E52A1F041300940065 /* Project object */ = {
			isa = PBXProject;
			attributes = {
				BuildIndependentTargetsInParallel = 1;
				LastSwiftUpdateCheck = 1420;
				LastUpgradeCheck = 1420;
				TargetAttributes = {
					023F42EC2A1F041300940065 = {
						CreatedOnToolsVersion = 14.2;
					};
				};
			};
			buildConfigurationList = 023F42E82A1F041300940065 /* Build configuration list for PBXProject "EarBuds" */;
			compatibilityVersion = "Xcode 14.0";
			developmentRegion = en;
			hasScannedForEncodings = 0;
			knownRegions = (
				en,
				Base,
			);
			mainGroup = 023F42E42A1F041300940065;
			packageReferences = (
				023F42FE2A1F04C900940065 /* XCRemoteSwiftPackageReference "swift-composable-architecture" */,
				02A151C22A4134C10083401A /* XCRemoteSwiftPackageReference "firebase-ios-sdk" */,
			);
			productRefGroup = 023F42EE2A1F041300940065 /* Products */;
			projectDirPath = "";
			projectRoot = "";
			targets = (
				023F42EC2A1F041300940065 /* EarBuds */,
			);
		};
/* End PBXProject section */

/* Begin PBXResourcesBuildPhase section */
		023F42EB2A1F041300940065 /* Resources */ = {
			isa = PBXResourcesBuildPhase;
			buildActionMask = 2147483647;
			files = (
				023F42F82A1F041400940065 /* Preview Assets.xcassets in Resources */,
				023F42F52A1F041400940065 /* Assets.xcassets in Resources */,
				02A151C82A4138A20083401A /* GoogleService-Info.plist in Resources */,
			);
			runOnlyForDeploymentPostprocessing = 0;
		};
/* End PBXResourcesBuildPhase section */

/* Begin PBXSourcesBuildPhase section */
		023F42E92A1F041300940065 /* Sources */ = {
			isa = PBXSourcesBuildPhase;
			buildActionMask = 2147483647;
			files = (
				02A151BC2A40217B0083401A /* MusicClient.swift in Sources */,
				0289D5072A270C49003E9A3D /* Playback.swift in Sources */,
				023F42F32A1F041300940065 /* ContentView.swift in Sources */,
				0289D5092A272349003E9A3D /* CircleImageButton.swift in Sources */,
				02BF5A7C2A36A0B9002689B8 /* DominantColors.swift in Sources */,
				02A151CA2A41396C0083401A /* Onboarding.swift in Sources */,
				02BF5A8C2A36AED0002689B8 /* OnboardingView.swift in Sources */,
				0289D5032A26F51C003E9A3D /* GradientEffectView.swift in Sources */,
				02BF5A7E2A36A19F002689B8 /* CGSize+Extension.swift in Sources */,
				839301FD2A3BE1BD00A5CEAE /* Song.swift in Sources */,
				02BF5A882A36A430002689B8 /* EYZ.swift in Sources */,
				02BF5A822A36A1F7002689B8 /* CGFloat+Extension.swift in Sources */,
				0289D5012A26EE2F003E9A3D /* PlaybackView.swift in Sources */,
				02A151C12A4134010083401A /* AppDelegate.swift in Sources */,
				02BF5A802A36A1D9002689B8 /* UIImage+Extension.swift in Sources */,
				0289D5052A270983003E9A3D /* AverageColor.swift in Sources */,
				02BF5A842A36A2C1002689B8 /* Difference.swift in Sources */,
				02BF5A862A36A3FD002689B8 /* RGB.swift in Sources */,
				023F42F12A1F041300940065 /* EarBudsApp.swift in Sources */,
			);
			runOnlyForDeploymentPostprocessing = 0;
		};
/* End PBXSourcesBuildPhase section */

/* Begin XCBuildConfiguration section */
		023F42F92A1F041400940065 /* Debug */ = {
			isa = XCBuildConfiguration;
			buildSettings = {
				ALWAYS_SEARCH_USER_PATHS = NO;
				CLANG_ANALYZER_NONNULL = YES;
				CLANG_ANALYZER_NUMBER_OBJECT_CONVERSION = YES_AGGRESSIVE;
				CLANG_CXX_LANGUAGE_STANDARD = "gnu++20";
				CLANG_ENABLE_MODULES = YES;
				CLANG_ENABLE_OBJC_ARC = YES;
				CLANG_ENABLE_OBJC_WEAK = YES;
				CLANG_WARN_BLOCK_CAPTURE_AUTORELEASING = YES;
				CLANG_WARN_BOOL_CONVERSION = YES;
				CLANG_WARN_COMMA = YES;
				CLANG_WARN_CONSTANT_CONVERSION = YES;
				CLANG_WARN_DEPRECATED_OBJC_IMPLEMENTATIONS = YES;
				CLANG_WARN_DIRECT_OBJC_ISA_USAGE = YES_ERROR;
				CLANG_WARN_DOCUMENTATION_COMMENTS = YES;
				CLANG_WARN_EMPTY_BODY = YES;
				CLANG_WARN_ENUM_CONVERSION = YES;
				CLANG_WARN_INFINITE_RECURSION = YES;
				CLANG_WARN_INT_CONVERSION = YES;
				CLANG_WARN_NON_LITERAL_NULL_CONVERSION = YES;
				CLANG_WARN_OBJC_IMPLICIT_RETAIN_SELF = YES;
				CLANG_WARN_OBJC_LITERAL_CONVERSION = YES;
				CLANG_WARN_OBJC_ROOT_CLASS = YES_ERROR;
				CLANG_WARN_QUOTED_INCLUDE_IN_FRAMEWORK_HEADER = YES;
				CLANG_WARN_RANGE_LOOP_ANALYSIS = YES;
				CLANG_WARN_STRICT_PROTOTYPES = YES;
				CLANG_WARN_SUSPICIOUS_MOVE = YES;
				CLANG_WARN_UNGUARDED_AVAILABILITY = YES_AGGRESSIVE;
				CLANG_WARN_UNREACHABLE_CODE = YES;
				CLANG_WARN__DUPLICATE_METHOD_MATCH = YES;
				COPY_PHASE_STRIP = NO;
				DEBUG_INFORMATION_FORMAT = dwarf;
				ENABLE_STRICT_OBJC_MSGSEND = YES;
				ENABLE_TESTABILITY = YES;
				GCC_C_LANGUAGE_STANDARD = gnu11;
				GCC_DYNAMIC_NO_PIC = NO;
				GCC_NO_COMMON_BLOCKS = YES;
				GCC_OPTIMIZATION_LEVEL = 0;
				GCC_PREPROCESSOR_DEFINITIONS = (
					"DEBUG=1",
					"$(inherited)",
				);
				GCC_WARN_64_TO_32_BIT_CONVERSION = YES;
				GCC_WARN_ABOUT_RETURN_TYPE = YES_ERROR;
				GCC_WARN_UNDECLARED_SELECTOR = YES;
				GCC_WARN_UNINITIALIZED_AUTOS = YES_AGGRESSIVE;
				GCC_WARN_UNUSED_FUNCTION = YES;
				GCC_WARN_UNUSED_VARIABLE = YES;
				IPHONEOS_DEPLOYMENT_TARGET = 16.0;
				MTL_ENABLE_DEBUG_INFO = INCLUDE_SOURCE;
				MTL_FAST_MATH = YES;
				ONLY_ACTIVE_ARCH = YES;
				SDKROOT = iphoneos;
				SWIFT_ACTIVE_COMPILATION_CONDITIONS = DEBUG;
				SWIFT_OPTIMIZATION_LEVEL = "-Onone";
			};
			name = Debug;
		};
		023F42FA2A1F041400940065 /* Release */ = {
			isa = XCBuildConfiguration;
			buildSettings = {
				ALWAYS_SEARCH_USER_PATHS = NO;
				CLANG_ANALYZER_NONNULL = YES;
				CLANG_ANALYZER_NUMBER_OBJECT_CONVERSION = YES_AGGRESSIVE;
				CLANG_CXX_LANGUAGE_STANDARD = "gnu++20";
				CLANG_ENABLE_MODULES = YES;
				CLANG_ENABLE_OBJC_ARC = YES;
				CLANG_ENABLE_OBJC_WEAK = YES;
				CLANG_WARN_BLOCK_CAPTURE_AUTORELEASING = YES;
				CLANG_WARN_BOOL_CONVERSION = YES;
				CLANG_WARN_COMMA = YES;
				CLANG_WARN_CONSTANT_CONVERSION = YES;
				CLANG_WARN_DEPRECATED_OBJC_IMPLEMENTATIONS = YES;
				CLANG_WARN_DIRECT_OBJC_ISA_USAGE = YES_ERROR;
				CLANG_WARN_DOCUMENTATION_COMMENTS = YES;
				CLANG_WARN_EMPTY_BODY = YES;
				CLANG_WARN_ENUM_CONVERSION = YES;
				CLANG_WARN_INFINITE_RECURSION = YES;
				CLANG_WARN_INT_CONVERSION = YES;
				CLANG_WARN_NON_LITERAL_NULL_CONVERSION = YES;
				CLANG_WARN_OBJC_IMPLICIT_RETAIN_SELF = YES;
				CLANG_WARN_OBJC_LITERAL_CONVERSION = YES;
				CLANG_WARN_OBJC_ROOT_CLASS = YES_ERROR;
				CLANG_WARN_QUOTED_INCLUDE_IN_FRAMEWORK_HEADER = YES;
				CLANG_WARN_RANGE_LOOP_ANALYSIS = YES;
				CLANG_WARN_STRICT_PROTOTYPES = YES;
				CLANG_WARN_SUSPICIOUS_MOVE = YES;
				CLANG_WARN_UNGUARDED_AVAILABILITY = YES_AGGRESSIVE;
				CLANG_WARN_UNREACHABLE_CODE = YES;
				CLANG_WARN__DUPLICATE_METHOD_MATCH = YES;
				COPY_PHASE_STRIP = NO;
				DEBUG_INFORMATION_FORMAT = "dwarf-with-dsym";
				ENABLE_NS_ASSERTIONS = NO;
				ENABLE_STRICT_OBJC_MSGSEND = YES;
				GCC_C_LANGUAGE_STANDARD = gnu11;
				GCC_NO_COMMON_BLOCKS = YES;
				GCC_WARN_64_TO_32_BIT_CONVERSION = YES;
				GCC_WARN_ABOUT_RETURN_TYPE = YES_ERROR;
				GCC_WARN_UNDECLARED_SELECTOR = YES;
				GCC_WARN_UNINITIALIZED_AUTOS = YES_AGGRESSIVE;
				GCC_WARN_UNUSED_FUNCTION = YES;
				GCC_WARN_UNUSED_VARIABLE = YES;
				IPHONEOS_DEPLOYMENT_TARGET = 16.0;
				MTL_ENABLE_DEBUG_INFO = NO;
				MTL_FAST_MATH = YES;
				SDKROOT = iphoneos;
				SWIFT_COMPILATION_MODE = wholemodule;
				SWIFT_OPTIMIZATION_LEVEL = "-O";
				VALIDATE_PRODUCT = YES;
			};
			name = Release;
		};
		023F42FC2A1F041400940065 /* Debug */ = {
			isa = XCBuildConfiguration;
			buildSettings = {
				ASSETCATALOG_COMPILER_APPICON_NAME = AppIcon;
				ASSETCATALOG_COMPILER_GLOBAL_ACCENT_COLOR_NAME = AccentColor;
				CODE_SIGN_STYLE = Automatic;
				CURRENT_PROJECT_VERSION = 1;
				DEVELOPMENT_ASSET_PATHS = "\"EarBuds/Preview Content\"";
				DEVELOPMENT_TEAM = BZSC89933R;
				ENABLE_PREVIEWS = YES;
				GENERATE_INFOPLIST_FILE = YES;
				INFOPLIST_KEY_UIApplicationSceneManifest_Generation = YES;
				INFOPLIST_KEY_UIApplicationSupportsIndirectInputEvents = YES;
				INFOPLIST_KEY_UILaunchScreen_Generation = YES;
				INFOPLIST_KEY_UISupportedInterfaceOrientations_iPad = "UIInterfaceOrientationPortrait UIInterfaceOrientationPortraitUpsideDown UIInterfaceOrientationLandscapeLeft UIInterfaceOrientationLandscapeRight";
				INFOPLIST_KEY_UISupportedInterfaceOrientations_iPhone = "UIInterfaceOrientationPortrait UIInterfaceOrientationLandscapeLeft UIInterfaceOrientationLandscapeRight";
				LD_RUNPATH_SEARCH_PATHS = (
					"$(inherited)",
					"@executable_path/Frameworks",
				);
				MARKETING_VERSION = 1.0;
				PRODUCT_BUNDLE_IDENTIFIER = com.minestrone.EarBuds;
				PRODUCT_NAME = "$(TARGET_NAME)";
				SWIFT_EMIT_LOC_STRINGS = YES;
				SWIFT_VERSION = 5.0;
				TARGETED_DEVICE_FAMILY = "1,2";
			};
			name = Debug;
		};
		023F42FD2A1F041400940065 /* Release */ = {
			isa = XCBuildConfiguration;
			buildSettings = {
				ASSETCATALOG_COMPILER_APPICON_NAME = AppIcon;
				ASSETCATALOG_COMPILER_GLOBAL_ACCENT_COLOR_NAME = AccentColor;
				CODE_SIGN_STYLE = Automatic;
				CURRENT_PROJECT_VERSION = 1;
				DEVELOPMENT_ASSET_PATHS = "\"EarBuds/Preview Content\"";
				DEVELOPMENT_TEAM = BZSC89933R;
				ENABLE_PREVIEWS = YES;
				GENERATE_INFOPLIST_FILE = YES;
				INFOPLIST_KEY_UIApplicationSceneManifest_Generation = YES;
				INFOPLIST_KEY_UIApplicationSupportsIndirectInputEvents = YES;
				INFOPLIST_KEY_UILaunchScreen_Generation = YES;
				INFOPLIST_KEY_UISupportedInterfaceOrientations_iPad = "UIInterfaceOrientationPortrait UIInterfaceOrientationPortraitUpsideDown UIInterfaceOrientationLandscapeLeft UIInterfaceOrientationLandscapeRight";
				INFOPLIST_KEY_UISupportedInterfaceOrientations_iPhone = "UIInterfaceOrientationPortrait UIInterfaceOrientationLandscapeLeft UIInterfaceOrientationLandscapeRight";
				LD_RUNPATH_SEARCH_PATHS = (
					"$(inherited)",
					"@executable_path/Frameworks",
				);
				MARKETING_VERSION = 1.0;
				PRODUCT_BUNDLE_IDENTIFIER = com.minestrone.EarBuds;
				PRODUCT_NAME = "$(TARGET_NAME)";
				SWIFT_EMIT_LOC_STRINGS = YES;
				SWIFT_VERSION = 5.0;
				TARGETED_DEVICE_FAMILY = "1,2";
			};
			name = Release;
		};
/* End XCBuildConfiguration section */

/* Begin XCConfigurationList section */
		023F42E82A1F041300940065 /* Build configuration list for PBXProject "EarBuds" */ = {
			isa = XCConfigurationList;
			buildConfigurations = (
				023F42F92A1F041400940065 /* Debug */,
				023F42FA2A1F041400940065 /* Release */,
			);
			defaultConfigurationIsVisible = 0;
			defaultConfigurationName = Release;
		};
		023F42FB2A1F041400940065 /* Build configuration list for PBXNativeTarget "EarBuds" */ = {
			isa = XCConfigurationList;
			buildConfigurations = (
				023F42FC2A1F041400940065 /* Debug */,
				023F42FD2A1F041400940065 /* Release */,
			);
			defaultConfigurationIsVisible = 0;
			defaultConfigurationName = Release;
		};
/* End XCConfigurationList section */

/* Begin XCRemoteSwiftPackageReference section */
		023F42FE2A1F04C900940065 /* XCRemoteSwiftPackageReference "swift-composable-architecture" */ = {
			isa = XCRemoteSwiftPackageReference;
			repositoryURL = "https://github.com/pointfreeco/swift-composable-architecture";
			requirement = {
				kind = upToNextMajorVersion;
				minimumVersion = 0.9.0;
			};
		};
		02A151C22A4134C10083401A /* XCRemoteSwiftPackageReference "firebase-ios-sdk" */ = {
			isa = XCRemoteSwiftPackageReference;
			repositoryURL = "https://github.com/firebase/firebase-ios-sdk";
			requirement = {
				branch = master;
				kind = branch;
			};
		};
/* End XCRemoteSwiftPackageReference section */

/* Begin XCSwiftPackageProductDependency section */
		023F42FF2A1F04C900940065 /* ComposableArchitecture */ = {
			isa = XCSwiftPackageProductDependency;
			package = 023F42FE2A1F04C900940065 /* XCRemoteSwiftPackageReference "swift-composable-architecture" */;
			productName = ComposableArchitecture;
		};
		02A151C32A4134C10083401A /* FirebaseAuth */ = {
			isa = XCSwiftPackageProductDependency;
			package = 02A151C22A4134C10083401A /* XCRemoteSwiftPackageReference "firebase-ios-sdk" */;
			productName = FirebaseAuth;
		};
		02A151C52A4134C10083401A /* FirebaseFirestore */ = {
			isa = XCSwiftPackageProductDependency;
			package = 02A151C22A4134C10083401A /* XCRemoteSwiftPackageReference "firebase-ios-sdk" */;
			productName = FirebaseFirestore;
		};
/* End XCSwiftPackageProductDependency section */
	};
	rootObject = 023F42E52A1F041300940065 /* Project object */;
}
